// !$*UTF8*$!
{
	archiveVersion = 1;
	classes = {
	};
	objectVersion = 46;
	objects = {

/* Begin PBXBuildFile section */
		94447C6A1AF13C730074E937 /* AppDelegate.swift in Sources */ = {isa = PBXBuildFile; fileRef = 94447C691AF13C730074E937 /* AppDelegate.swift */; };
		94447C6C1AF13C730074E937 /* ViewController.swift in Sources */ = {isa = PBXBuildFile; fileRef = 94447C6B1AF13C730074E937 /* ViewController.swift */; };
		94447C6F1AF13C730074E937 /* Main.storyboard in Resources */ = {isa = PBXBuildFile; fileRef = 94447C6D1AF13C730074E937 /* Main.storyboard */; };
		94447C711AF13C730074E937 /* Images.xcassets in Resources */ = {isa = PBXBuildFile; fileRef = 94447C701AF13C730074E937 /* Images.xcassets */; };
		94447C741AF13C730074E937 /* LaunchScreen.xib in Resources */ = {isa = PBXBuildFile; fileRef = 94447C721AF13C730074E937 /* LaunchScreen.xib */; };
		94447C801AF13C730074E937 /* coffeeTimer2Tests.swift in Sources */ = {isa = PBXBuildFile; fileRef = 94447C7F1AF13C730074E937 /* coffeeTimer2Tests.swift */; };
/* End PBXBuildFile section */

/* Begin PBXContainerItemProxy section */
		94447C7A1AF13C730074E937 /* PBXContainerItemProxy */ = {
			isa = PBXContainerItemProxy;
			containerPortal = 94447C5C1AF13C730074E937 /* Project object */;
			proxyType = 1;
			remoteGlobalIDString = 94447C631AF13C730074E937;
			remoteInfo = coffeeTimer2;
		};
/* End PBXContainerItemProxy section */

/* Begin PBXFileReference section */
		94447C641AF13C730074E937 /* coffeeTimer2.app */ = {isa = PBXFileReference; explicitFileType = wrapper.application; includeInIndex = 0; path = coffeeTimer2.app; sourceTree = BUILT_PRODUCTS_DIR; };
		94447C681AF13C730074E937 /* Info.plist */ = {isa = PBXFileReference; lastKnownFileType = text.plist.xml; path = Info.plist; sourceTree = "<group>"; };
		94447C691AF13C730074E937 /* AppDelegate.swift */ = {isa = PBXFileReference; lastKnownFileType = sourcecode.swift; path = AppDelegate.swift; sourceTree = "<group>"; };
		94447C6B1AF13C730074E937 /* ViewController.swift */ = {isa = PBXFileReference; lastKnownFileType = sourcecode.swift; path = ViewController.swift; sourceTree = "<group>"; };
		94447C6E1AF13C730074E937 /* Base */ = {isa = PBXFileReference; lastKnownFileType = file.storyboard; name = Base; path = Base.lproj/Main.storyboard; sourceTree = "<group>"; };
		94447C701AF13C730074E937 /* Images.xcassets */ = {isa = PBXFileReference; lastKnownFileType = folder.assetcatalog; path = Images.xcassets; sourceTree = "<group>"; };
		94447C731AF13C730074E937 /* Base */ = {isa = PBXFileReference; lastKnownFileType = file.xib; name = Base; path = Base.lproj/LaunchScreen.xib; sourceTree = "<group>"; };
		94447C791AF13C730074E937 /* coffeeTimer2Tests.xctest */ = {isa = PBXFileReference; explicitFileType = wrapper.cfbundle; includeInIndex = 0; path = coffeeTimer2Tests.xctest; sourceTree = BUILT_PRODUCTS_DIR; };
		94447C7E1AF13C730074E937 /* Info.plist */ = {isa = PBXFileReference; lastKnownFileType = text.plist.xml; path = Info.plist; sourceTree = "<group>"; };
		94447C7F1AF13C730074E937 /* coffeeTimer2Tests.swift */ = {isa = PBXFileReference; lastKnownFileType = sourcecode.swift; path = coffeeTimer2Tests.swift; sourceTree = "<group>"; };
/* End PBXFileReference section */

/* Begin PBXFrameworksBuildPhase section */
		94447C611AF13C730074E937 /* Frameworks */ = {
			isa = PBXFrameworksBuildPhase;
			buildActionMask = 2147483647;
			files = (
			);
			runOnlyForDeploymentPostprocessing = 0;
		};
		94447C761AF13C730074E937 /* Frameworks */ = {
			isa = PBXFrameworksBuildPhase;
			buildActionMask = 2147483647;
			files = (
			);
			runOnlyForDeploymentPostprocessing = 0;
		};
/* End PBXFrameworksBuildPhase section */

/* Begin PBXGroup section */
		94447C5B1AF13C730074E937 = {
			isa = PBXGroup;
			children = (
				94447C661AF13C730074E937 /* coffeeTimer2 */,
				94447C7C1AF13C730074E937 /* coffeeTimer2Tests */,
				94447C651AF13C730074E937 /* Products */,
			);
			sourceTree = "<group>";
		};
		94447C651AF13C730074E937 /* Products */ = {
			isa = PBXGroup;
			children = (
				94447C641AF13C730074E937 /* coffeeTimer2.app */,
				94447C791AF13C730074E937 /* coffeeTimer2Tests.xctest */,
			);
			name = Products;
			sourceTree = "<group>";
		};
		94447C661AF13C730074E937 /* coffeeTimer2 */ = {
			isa = PBXGroup;
			children = (
				94447C691AF13C730074E937 /* AppDelegate.swift */,
				94447C6B1AF13C730074E937 /* ViewController.swift */,
				94447C6D1AF13C730074E937 /* Main.storyboard */,
				94447C701AF13C730074E937 /* Images.xcassets */,
				94447C721AF13C730074E937 /* LaunchScreen.xib */,
				94447C671AF13C730074E937 /* Supporting Files */,
			);
			path = coffeeTimer2;
			sourceTree = "<group>";
		};
		94447C671AF13C730074E937 /* Supporting Files */ = {
			isa = PBXGroup;
			children = (
				94447C681AF13C730074E937 /* Info.plist */,
			);
			name = "Supporting Files";
			sourceTree = "<group>";
		};
		94447C7C1AF13C730074E937 /* coffeeTimer2Tests */ = {
			isa = PBXGroup;
			children = (
				94447C7F1AF13C730074E937 /* coffeeTimer2Tests.swift */,
				94447C7D1AF13C730074E937 /* Supporting Files */,
			);
			path = coffeeTimer2Tests;
			sourceTree = "<group>";
		};
		94447C7D1AF13C730074E937 /* Supporting Files */ = {
			isa = PBXGroup;
			children = (
				94447C7E1AF13C730074E937 /* Info.plist */,
			);
			name = "Supporting Files";
			sourceTree = "<group>";
		};
/* End PBXGroup section */

/* Begin PBXNativeTarget section */
		94447C631AF13C730074E937 /* coffeeTimer2 */ = {
			isa = PBXNativeTarget;
			buildConfigurationList = 94447C831AF13C730074E937 /* Build configuration list for PBXNativeTarget "coffeeTimer2" */;
			buildPhases = (
				94447C601AF13C730074E937 /* Sources */,
				94447C611AF13C730074E937 /* Frameworks */,
				94447C621AF13C730074E937 /* Resources */,
			);
			buildRules = (
			);
			dependencies = (
			);
			name = coffeeTimer2;
			productName = coffeeTimer2;
			productReference = 94447C641AF13C730074E937 /* coffeeTimer2.app */;
			productType = "com.apple.product-type.application";
		};
		94447C781AF13C730074E937 /* coffeeTimer2Tests */ = {
			isa = PBXNativeTarget;
			buildConfigurationList = 94447C861AF13C730074E937 /* Build configuration list for PBXNativeTarget "coffeeTimer2Tests" */;
			buildPhases = (
				94447C751AF13C730074E937 /* Sources */,
				94447C761AF13C730074E937 /* Frameworks */,
				94447C771AF13C730074E937 /* Resources */,
			);
			buildRules = (
			);
			dependencies = (
				94447C7B1AF13C730074E937 /* PBXTargetDependency */,
			);
			name = coffeeTimer2Tests;
			productName = coffeeTimer2Tests;
			productReference = 94447C791AF13C730074E937 /* coffeeTimer2Tests.xctest */;
			productType = "com.apple.product-type.bundle.unit-test";
		};
/* End PBXNativeTarget section */

/* Begin PBXProject section */
		94447C5C1AF13C730074E937 /* Project object */ = {
			isa = PBXProject;
			attributes = {
				LastUpgradeCheck = 0630;
				ORGANIZATIONNAME = procload;
				TargetAttributes = {
					94447C631AF13C730074E937 = {
						CreatedOnToolsVersion = 6.3;
					};
					94447C781AF13C730074E937 = {
						CreatedOnToolsVersion = 6.3;
						TestTargetID = 94447C631AF13C730074E937;
					};
				};
			};
			buildConfigurationList = 94447C5F1AF13C730074E937 /* Build configuration list for PBXProject "coffeeTimer2" */;
			compatibilityVersion = "Xcode 3.2";
			developmentRegion = English;
			hasScannedForEncodings = 0;
			knownRegions = (
				en,
				Base,
			);
			mainGroup = 94447C5B1AF13C730074E937;
			productRefGroup = 94447C651AF13C730074E937 /* Products */;
			projectDirPath = "";
			projectRoot = "";
			targets = (
				94447C631AF13C730074E937 /* coffeeTimer2 */,
				94447C781AF13C730074E937 /* coffeeTimer2Tests */,
			);
		};
/* End PBXProject section */

/* Begin PBXResourcesBuildPhase section */
		94447C621AF13C730074E937 /* Resources */ = {
			isa = PBXResourcesBuildPhase;
			buildActionMask = 2147483647;
			files = (
				94447C6F1AF13C730074E937 /* Main.storyboard in Resources */,
				94447C741AF13C730074E937 /* LaunchScreen.xib in Resources */,
				94447C711AF13C730074E937 /* Images.xcassets in Resources */,
			);
			runOnlyForDeploymentPostprocessing = 0;
		};
		94447C771AF13C730074E937 /* Resources */ = {
			isa = PBXResourcesBuildPhase;
			buildActionMask = 2147483647;
			files = (
			);
			runOnlyForDeploymentPostprocessing = 0;
		};
/* End PBXResourcesBuildPhase section */

/* Begin PBXSourcesBuildPhase section */
		94447C601AF13C730074E937 /* Sources */ = {
			isa = PBXSourcesBuildPhase;
			buildActionMask = 2147483647;
			files = (
				94447C6C1AF13C730074E937 /* ViewController.swift in Sources */,
				94447C6A1AF13C730074E937 /* AppDelegate.swift in Sources */,
			);
			runOnlyForDeploymentPostprocessing = 0;
		};
		94447C751AF13C730074E937 /* Sources */ = {
			isa = PBXSourcesBuildPhase;
			buildActionMask = 2147483647;
			files = (
				94447C801AF13C730074E937 /* coffeeTimer2Tests.swift in Sources */,
			);
			runOnlyForDeploymentPostprocessing = 0;
		};
/* End PBXSourcesBuildPhase section */

/* Begin PBXTargetDependency section */
		94447C7B1AF13C730074E937 /* PBXTargetDependency */ = {
			isa = PBXTargetDependency;
			target = 94447C631AF13C730074E937 /* coffeeTimer2 */;
			targetProxy = 94447C7A1AF13C730074E937 /* PBXContainerItemProxy */;
		};
/* End PBXTargetDependency section */

/* Begin PBXVariantGroup section */
		94447C6D1AF13C730074E937 /* Main.storyboard */ = {
			isa = PBXVariantGroup;
			children = (
				94447C6E1AF13C730074E937 /* Base */,
			);
			name = Main.storyboard;
			sourceTree = "<group>";
		};
		94447C721AF13C730074E937 /* LaunchScreen.xib */ = {
			isa = PBXVariantGroup;
			children = (
				94447C731AF13C730074E937 /* Base */,
			);
			name = LaunchScreen.xib;
			sourceTree = "<group>";
		};
/* End PBXVariantGroup section */

/* Begin XCBuildConfiguration section */
		94447C811AF13C730074E937 /* Debug */ = {
			isa = XCBuildConfiguration;
			buildSettings = {
				ALWAYS_SEARCH_USER_PATHS = NO;
				CLANG_CXX_LANGUAGE_STANDARD = "gnu++0x";
				CLANG_CXX_LIBRARY = "libc++";
				CLANG_ENABLE_MODULES = YES;
				CLANG_ENABLE_OBJC_ARC = YES;
				CLANG_WARN_BOOL_CONVERSION = YES;
				CLANG_WARN_CONSTANT_CONVERSION = YES;
				CLANG_WARN_DIRECT_OBJC_ISA_USAGE = YES_ERROR;
				CLANG_WARN_EMPTY_BODY = YES;
				CLANG_WARN_ENUM_CONVERSION = YES;
				CLANG_WARN_INT_CONVERSION = YES;
				CLANG_WARN_OBJC_ROOT_CLASS = YES_ERROR;
				CLANG_WARN_UNREACHABLE_CODE = YES;
				CLANG_WARN__DUPLICATE_METHOD_MATCH = YES;
				"CODE_SIGN_IDENTITY[sdk=iphoneos*]" = "iPhone Developer";
				COPY_PHASE_STRIP = NO;
				DEBUG_INFORMATION_FORMAT = "dwarf-with-dsym";
				ENABLE_STRICT_OBJC_MSGSEND = YES;
				GCC_C_LANGUAGE_STANDARD = gnu99;
				GCC_DYNAMIC_NO_PIC = NO;
				GCC_NO_COMMON_BLOCKS = YES;
				GCC_OPTIMIZATION_LEVEL = 0;
				GCC_PREPROCESSOR_DEFINITIONS = (
					"DEBUG=1",
					"$(inherited)",
				);
				GCC_SYMBOLS_PRIVATE_EXTERN = NO;
				GCC_WARN_64_TO_32_BIT_CONVERSION = YES;
				GCC_WARN_ABOUT_RETURN_TYPE = YES_ERROR;
				GCC_WARN_UNDECLARED_SELECTOR = YES;
				GCC_WARN_UNINITIALIZED_AUTOS = YES_AGGRESSIVE;
				GCC_WARN_UNUSED_FUNCTION = YES;
				GCC_WARN_UNUSED_VARIABLE = YES;
				IPHONEOS_DEPLOYMENT_TARGET = 8.3;
				MTL_ENABLE_DEBUG_INFO = YES;
				ONLY_ACTIVE_ARCH = YES;
				SDKROOT = iphoneos;
				SWIFT_OPTIMIZATION_LEVEL = "-Onone";
				TARGETED_DEVICE_FAMILY = "1,2";
			};
			name = Debug;
		};
		94447C821AF13C730074E937 /* Release */ = {
			isa = XCBuildConfiguration;
			buildSettings = {
				ALWAYS_SEARCH_USER_PATHS = NO;
				CLANG_CXX_LANGUAGE_STANDARD = "gnu++0x";
				CLANG_CXX_LIBRARY = "libc++";
				CLANG_ENABLE_MODULES = YES;
				CLANG_ENABLE_OBJC_ARC = YES;
				CLANG_WARN_BOOL_CONVERSION = YES;
				CLANG_WARN_CONSTANT_CONVERSION = YES;
				CLANG_WARN_DIRECT_OBJC_ISA_USAGE = YES_ERROR;
				CLANG_WARN_EMPTY_BODY = YES;
				CLANG_WARN_ENUM_CONVERSION = YES;
				CLANG_WARN_INT_CONVERSION = YES;
				CLANG_WARN_OBJC_ROOT_CLASS = YES_ERROR;
				CLANG_WARN_UNREACHABLE_CODE = YES;
				CLANG_WARN__DUPLICATE_METHOD_MATCH = YES;
				"CODE_SIGN_IDENTITY[sdk=iphoneos*]" = "iPhone Developer";
				COPY_PHASE_STRIP = NO;
				DEBUG_INFORMATION_FORMAT = "dwarf-with-dsym";
				ENABLE_NS_ASSERTIONS = NO;
				ENABLE_STRICT_OBJC_MSGSEND = YES;
				GCC_C_LANGUAGE_STANDARD = gnu99;
				GCC_NO_COMMON_BLOCKS = YES;
				GCC_WARN_64_TO_32_BIT_CONVERSION = YES;
				GCC_WARN_ABOUT_RETURN_TYPE = YES_ERROR;
				GCC_WARN_UNDECLARED_SELECTOR = YES;
				GCC_WARN_UNINITIALIZED_AUTOS = YES_AGGRESSIVE;
				GCC_WARN_UNUSED_FUNCTION = YES;
				GCC_WARN_UNUSED_VARIABLE = YES;
				IPHONEOS_DEPLOYMENT_TARGET = 8.3;
				MTL_ENABLE_DEBUG_INFO = NO;
				SDKROOT = iphoneos;
				TARGETED_DEVICE_FAMILY = "1,2";
				VALIDATE_PRODUCT = YES;
			};
			name = Release;
		};
		94447C841AF13C730074E937 /* Debug */ = {
			isa = XCBuildConfiguration;
			buildSettings = {
				ASSETCATALOG_COMPILER_APPICON_NAME = AppIcon;
				INFOPLIST_FILE = coffeeTimer2/Info.plist;
				LD_RUNPATH_SEARCH_PATHS = "$(inherited) @executable_path/Frameworks";
				PRODUCT_NAME = "$(TARGET_NAME)";
			};
			name = Debug;
		};
		94447C851AF13C730074E937 /* Release */ = {
			isa = XCBuildConfiguration;
			buildSettings = {
				ASSETCATALOG_COMPILER_APPICON_NAME = AppIcon;
				INFOPLIST_FILE = coffeeTimer2/Info.plist;
				LD_RUNPATH_SEARCH_PATHS = "$(inherited) @executable_path/Frameworks";
				PRODUCT_NAME = "$(TARGET_NAME)";
			};
			name = Release;
		};
		94447C871AF13C730074E937 /* Debug */ = {
			isa = XCBuildConfiguration;
			buildSettings = {
				BUNDLE_LOADER = "$(TEST_HOST)";
				FRAMEWORK_SEARCH_PATHS = (
					"$(SDKROOT)/Developer/Library/Frameworks",
					"$(inherited)",
				);
				GCC_PREPROCESSOR_DEFINITIONS = (
					"DEBUG=1",
					"$(inherited)",
				);
				INFOPLIST_FILE = coffeeTimer2Tests/Info.plist;
				LD_RUNPATH_SEARCH_PATHS = "$(inherited) @executable_path/Frameworks @loader_path/Frameworks";
				PRODUCT_NAME = "$(TARGET_NAME)";
				TEST_HOST = "$(BUILT_PRODUCTS_DIR)/coffeeTimer2.app/coffeeTimer2";
			};
			name = Debug;
		};
		94447C881AF13C730074E937 /* Release */ = {
			isa = XCBuildConfiguration;
			buildSettings = {
				BUNDLE_LOADER = "$(TEST_HOST)";
				FRAMEWORK_SEARCH_PATHS = (
					"$(SDKROOT)/Developer/Library/Frameworks",
					"$(inherited)",
				);
				INFOPLIST_FILE = coffeeTimer2Tests/Info.plist;
				LD_RUNPATH_SEARCH_PATHS = "$(inherited) @executable_path/Frameworks @loader_path/Frameworks";
				PRODUCT_NAME = "$(TARGET_NAME)";
				TEST_HOST = "$(BUILT_PRODUCTS_DIR)/coffeeTimer2.app/coffeeTimer2";
			};
			name = Release;
		};
/* End XCBuildConfiguration section */

/* Begin XCConfigurationList section */
		94447C5F1AF13C730074E937 /* Build configuration list for PBXProject "coffeeTimer2" */ = {
			isa = XCConfigurationList;
			buildConfigurations = (
				94447C811AF13C730074E937 /* Debug */,
				94447C821AF13C730074E937 /* Release */,
			);
			defaultConfigurationIsVisible = 0;
			defaultConfigurationName = Release;
		};
		94447C831AF13C730074E937 /* Build configuration list for PBXNativeTarget "coffeeTimer2" */ = {
			isa = XCConfigurationList;
			buildConfigurations = (
				94447C841AF13C730074E937 /* Debug */,
				94447C851AF13C730074E937 /* Release */,
			);
			defaultConfigurationIsVisible = 0;
		};
		94447C861AF13C730074E937 /* Build configuration list for PBXNativeTarget "coffeeTimer2Tests" */ = {
			isa = XCConfigurationList;
			buildConfigurations = (
				94447C871AF13C730074E937 /* Debug */,
				94447C881AF13C730074E937 /* Release */,
			);
			defaultConfigurationIsVisible = 0;
		};
/* End XCConfigurationList section */
	};
	rootObject = 94447C5C1AF13C730074E937 /* Project object */;
}
